
Microsoft Visual Studio Solution File, Format Version 12.00
# Visual Studio Version 16
VisualStudioVersion = 16.0.30907.101
MinimumVisualStudioVersion = 10.0.40219.1
Project("{FAE04EC0-301F-11D3-BF4B-00C04F79EFBC}") = "ThemeTestApp.Android", "ThemeTestApp\ThemeTestApp.Android\ThemeTestApp.Android.csproj", "{3D20A3A1-E26A-482E-9891-FD390135B0FB}"
EndProject
Project("{FAE04EC0-301F-11D3-BF4B-00C04F79EFBC}") = "ThemeTestApp.iOS", "ThemeTestApp\ThemeTestApp.iOS\ThemeTestApp.iOS.csproj", "{6DDEE1D9-9407-4058-86A4-431A44451BB4}"
EndProject
Project("{FAE04EC0-301F-11D3-BF4B-00C04F79EFBC}") = "ThemeTestApp", "ThemeTestApp\ThemeTestApp\ThemeTestApp.csproj", "{934EDC35-8CB2-4157-9BA2-B7C2F8A9F7DB}"
EndProject
Global
	GlobalSection(SolutionConfigurationPlatforms) = preSolution
		Debug|Any CPU = Debug|Any CPU
		Debug|iPhone = Debug|iPhone
		Debug|iPhoneSimulator = Debug|iPhoneSimulator
		Release|Any CPU = Release|Any CPU
		Release|iPhone = Release|iPhone
		Release|iPhoneSimulator = Release|iPhoneSimulator
	EndGlobalSection
	GlobalSection(ProjectConfigurationPlatforms) = postSolution
		{3D20A3A1-E26A-482E-9891-FD390135B0FB}.Debug|Any CPU.ActiveCfg = Debug|Any CPU
		{3D20A3A1-E26A-482E-9891-FD390135B0FB}.Debug|Any CPU.Build.0 = Debug|Any CPU
		{3D20A3A1-E26A-482E-9891-FD390135B0FB}.Debug|Any CPU.Deploy.0 = Debug|Any CPU
		{3D20A3A1-E26A-482E-9891-FD390135B0FB}.Debug|iPhone.ActiveCfg = Debug|Any CPU
		{3D20A3A1-E26A-482E-9891-FD390135B0FB}.Debug|iPhone.Build.0 = Debug|Any CPU
		{3D20A3A1-E26A-482E-9891-FD390135B0FB}.Debug|iPhone.Deploy.0 = Debug|Any CPU
		{3D20A3A1-E26A-482E-9891-FD390135B0FB}.Debug|iPhoneSimulator.ActiveCfg = Debug|Any CPU
		{3D20A3A1-E26A-482E-9891-FD390135B0FB}.Debug|iPhoneSimulator.Build.0 = Debug|Any CPU
		{3D20A3A1-E26A-482E-9891-FD390135B0FB}.Debug|iPhoneSimulator.Deploy.0 = Debug|Any CPU
		{3D20A3A1-E26A-482E-9891-FD390135B0FB}.Release|Any CPU.ActiveCfg = Release|Any CPU
		{3D20A3A1-E26A-482E-9891-FD390135B0FB}.Release|Any CPU.Build.0 = Release|Any CPU
		{3D20A3A1-E26A-482E-9891-FD390135B0FB}.Release|Any CPU.Deploy.0 = Release|Any CPU
		{3D20A3A1-E26A-482E-9891-FD390135B0FB}.Release|iPhone.ActiveCfg = Release|Any CPU
		{3D20A3A1-E26A-482E-9891-FD390135B0FB}.Release|iPhone.Build.0 = Release|Any CPU
		{3D20A3A1-E26A-482E-9891-FD390135B0FB}.Release|iPhone.Deploy.0 = Release|Any CPU
		{3D20A3A1-E26A-482E-9891-FD390135B0FB}.Release|iPhoneSimulator.ActiveCfg = Release|Any CPU
		{3D20A3A1-E26A-482E-9891-FD390135B0FB}.Release|iPhoneSimulator.Build.0 = Release|Any CPU
		{3D20A3A1-E26A-482E-9891-FD390135B0FB}.Release|iPhoneSimulator.Deploy.0 = Release|Any CPU
		{6DDEE1D9-9407-4058-86A4-431A44451BB4}.Debug|Any CPU.ActiveCfg = Debug|iPhone
		{6DDEE1D9-9407-4058-86A4-431A44451BB4}.Debug|Any CPU.Build.0 = Debug|iPhone
		{6DDEE1D9-9407-4058-86A4-431A44451BB4}.Debug|Any CPU.Deploy.0 = Debug|iPhone
		{6DDEE1D9-9407-4058-86A4-431A44451BB4}.Debug|iPhone.ActiveCfg = Debug|iPhone
		{6DDEE1D9-9407-4058-86A4-431A44451BB4}.Debug|iPhone.Build.0 = Debug|iPhone
		{6DDEE1D9-9407-4058-86A4-431A44451BB4}.Debug|iPhone.Deploy.0 = Debug|iPhone
		{6DDEE1D9-9407-4058-86A4-431A44451BB4}.Debug|iPhoneSimulator.ActiveCfg = Debug|iPhoneSimulator
		{6DDEE1D9-9407-4058-86A4-431A44451BB4}.Debug|iPhoneSimulator.Build.0 = Debug|iPhoneSimulator
		{6DDEE1D9-9407-4058-86A4-431A44451BB4}.Debug|iPhoneSimulator.Deploy.0 = Debug|iPhoneSimulator
		{6DDEE1D9-9407-4058-86A4-431A44451BB4}.Release|Any CPU.ActiveCfg = Release|iPhoneSimulator
		{6DDEE1D9-9407-4058-86A4-431A44451BB4}.Release|Any CPU.Build.0 = Release|iPhoneSimulator
		{6DDEE1D9-9407-4058-86A4-431A44451BB4}.Release|Any CPU.Deploy.0 = Release|iPhoneSimulator
		{6DDEE1D9-9407-4058-86A4-431A44451BB4}.Release|iPhone.ActiveCfg = Release|iPhone
		{6DDEE1D9-9407-4058-86A4-431A44451BB4}.Release|iPhone.Build.0 = Release|iPhone
		{6DDEE1D9-9407-4058-86A4-431A44451BB4}.Release|iPhone.Deploy.0 = Release|iPhone
		{6DDEE1D9-9407-4058-86A4-431A44451BB4}.Release|iPhoneSimulator.ActiveCfg = Release|iPhoneSimulator
		{6DDEE1D9-9407-4058-86A4-431A44451BB4}.Release|iPhoneSimulator.Build.0 = Release|iPhoneSimulator
		{6DDEE1D9-9407-4058-86A4-431A44451BB4}.Release|iPhoneSimulator.Deploy.0 = Release|iPhoneSimulator
		{934EDC35-8CB2-4157-9BA2-B7C2F8A9F7DB}.Debug|Any CPU.ActiveCfg = Debug|Any CPU
		{934EDC35-8CB2-4157-9BA2-B7C2F8A9F7DB}.Debug|Any CPU.Build.0 = Debug|Any CPU
		{934EDC35-8CB2-4157-9BA2-B7C2F8A9F7DB}.Debug|Any CPU.Deploy.0 = Debug|Any CPU
		{934EDC35-8CB2-4157-9BA2-B7C2F8A9F7DB}.Debug|iPhone.ActiveCfg = Debug|Any CPU
		{934EDC35-8CB2-4157-9BA2-B7C2F8A9F7DB}.Debug|iPhone.Build.0 = Debug|Any CPU
		{934EDC35-8CB2-4157-9BA2-B7C2F8A9F7DB}.Debug|iPhone.Deploy.0 = Debug|Any CPU
		{934EDC35-8CB2-4157-9BA2-B7C2F8A9F7DB}.Debug|iPhoneSimulator.ActiveCfg = Debug|Any CPU
		{934EDC35-8CB2-4157-9BA2-B7C2F8A9F7DB}.Debug|iPhoneSimulator.Build.0 = Debug|Any CPU
		{934EDC35-8CB2-4157-9BA2-B7C2F8A9F7DB}.Debug|iPhoneSimulator.Deploy.0 = Debug|Any CPU
		{934EDC35-8CB2-4157-9BA2-B7C2F8A9F7DB}.Release|Any CPU.ActiveCfg = Release|Any CPU
		{934EDC35-8CB2-4157-9BA2-B7C2F8A9F7DB}.Release|Any CPU.Build.0 = Release|Any CPU
		{934EDC35-8CB2-4157-9BA2-B7C2F8A9F7DB}.Release|Any CPU.Deploy.0 = Release|Any CPU
		{934EDC35-8CB2-4157-9BA2-B7C2F8A9F7DB}.Release|iPhone.ActiveCfg = Release|Any CPU
		{934EDC35-8CB2-4157-9BA2-B7C2F8A9F7DB}.Release|iPhone.Build.0 = Release|Any CPU
		{934EDC35-8CB2-4157-9BA2-B7C2F8A9F7DB}.Release|iPhone.Deploy.0 = Release|Any CPU
		{934EDC35-8CB2-4157-9BA2-B7C2F8A9F7DB}.Release|iPhoneSimulator.ActiveCfg = Release|Any CPU
		{934EDC35-8CB2-4157-9BA2-B7C2F8A9F7DB}.Release|iPhoneSimulator.Build.0 = Release|Any CPU
		{934EDC35-8CB2-4157-9BA2-B7C2F8A9F7DB}.Release|iPhoneSimulator.Deploy.0 = Release|Any CPU
	EndGlobalSection
	GlobalSection(SolutionProperties) = preSolution
		HideSolutionNode = FALSE
	EndGlobalSection
	GlobalSection(ExtensibilityGlobals) = postSolution
		SolutionGuid = {DE4ED4F6-4B09-4D72-9480-884D464A5D2C}
	EndGlobalSection
EndGlobal
